dependencies:
- name: kubernetes-dashboard
  repository: https://kubernetes.github.io/dashboard/
  version: 4.0.2
- name: kube-prometheus-stack
  repository: https://prometheus-community.github.io/helm-charts
  version: 14.5.0
digest: sha256:8e7b1325e500581f8eea0bc9410b8f116300bf1924b45a081a184f3bdaa2611d
generated: "2021-04-03T22:51:21.457121+02:00"
